
Microsoft Visual Studio Solution File, Format Version 12.00
# Visual Studio Version 17
VisualStudioVersion = 17.1.32328.378
MinimumVisualStudioVersion = 10.0.40219.1
Project("{9A19103F-16F7-4668-BE54-9A1E7A4F7556}") = "GameOfLife", "GameOfLife\GameOfLife.csproj", "{4BB7FEF2-0ABD-4C34-BCC1-1151881A47C8}"
EndProject
Project("{9A19103F-16F7-4668-BE54-9A1E7A4F7556}") = "GameOfLife.Tests", "GameOfLife.Tests\GameOfLife.Tests.csproj", "{8E66BC5E-6469-43DC-A050-652FE6882CBC}"
EndProject
Global
	GlobalSection(SolutionConfigurationPlatforms) = preSolution
		Debug|Any CPU = Debug|Any CPU
		Release|Any CPU = Release|Any CPU
	EndGlobalSection
	GlobalSection(ProjectConfigurationPlatforms) = postSolution
		{4BB7FEF2-0ABD-4C34-BCC1-1151881A47C8}.Debug|Any CPU.ActiveCfg = Debug|Any CPU
		{4BB7FEF2-0ABD-4C34-BCC1-1151881A47C8}.Debug|Any CPU.Build.0 = Debug|Any CPU
		{4BB7FEF2-0ABD-4C34-BCC1-1151881A47C8}.Release|Any CPU.ActiveCfg = Release|Any CPU
		{4BB7FEF2-0ABD-4C34-BCC1-1151881A47C8}.Release|Any CPU.Build.0 = Release|Any CPU
		{8E66BC5E-6469-43DC-A050-652FE6882CBC}.Debug|Any CPU.ActiveCfg = Debug|Any CPU
		{8E66BC5E-6469-43DC-A050-652FE6882CBC}.Debug|Any CPU.Build.0 = Debug|Any CPU
		{8E66BC5E-6469-43DC-A050-652FE6882CBC}.Release|Any CPU.ActiveCfg = Release|Any CPU
		{8E66BC5E-6469-43DC-A050-652FE6882CBC}.Release|Any CPU.Build.0 = Release|Any CPU
	EndGlobalSection
	GlobalSection(SolutionProperties) = preSolution
		HideSolutionNode = FALSE
	EndGlobalSection
	GlobalSection(ExtensibilityGlobals) = postSolution
		SolutionGuid = {4651E0FD-1077-48DD-B927-627787A23D9D}
	EndGlobalSection
EndGlobal
